
Microsoft Visual Studio Solution File, Format Version 12.00
# Visual Studio Version 17
VisualStudioVersion = 17.9.34902.65
MinimumVisualStudioVersion = 10.0.40219.1
Project("{FAE04EC0-301F-11D3-BF4B-00C04F79EFBC}") = "practocsharp8", "practocsharp8.csproj", "{02744339-3B98-45D5-BC54-7EC146F25C8F}"
EndProject
Project("{FAE04EC0-301F-11D3-BF4B-00C04F79EFBC}") = "Lang", "..\Lang\Lang.csproj", "{680B98F1-5FAF-4490-8935-68C635558431}"
EndProject
Project("{FAE04EC0-301F-11D3-BF4B-00C04F79EFBC}") = "DeSerializer", "..\DeSerializer\DeSerializer.csproj", "{990C68FC-3400-4D81-98AF-17E78DCC9BB6}"
EndProject
Global
	GlobalSection(SolutionConfigurationPlatforms) = preSolution
		Debug|Any CPU = Debug|Any CPU
		Release|Any CPU = Release|Any CPU
	EndGlobalSection
	GlobalSection(ProjectConfigurationPlatforms) = postSolution
		{02744339-3B98-45D5-BC54-7EC146F25C8F}.Debug|Any CPU.ActiveCfg = Debug|Any CPU
		{02744339-3B98-45D5-BC54-7EC146F25C8F}.Debug|Any CPU.Build.0 = Debug|Any CPU
		{02744339-3B98-45D5-BC54-7EC146F25C8F}.Release|Any CPU.ActiveCfg = Release|Any CPU
		{02744339-3B98-45D5-BC54-7EC146F25C8F}.Release|Any CPU.Build.0 = Release|Any CPU
		{680B98F1-5FAF-4490-8935-68C635558431}.Debug|Any CPU.ActiveCfg = Debug|Any CPU
		{680B98F1-5FAF-4490-8935-68C635558431}.Debug|Any CPU.Build.0 = Debug|Any CPU
		{680B98F1-5FAF-4490-8935-68C635558431}.Release|Any CPU.ActiveCfg = Release|Any CPU
		{680B98F1-5FAF-4490-8935-68C635558431}.Release|Any CPU.Build.0 = Release|Any CPU
		{990C68FC-3400-4D81-98AF-17E78DCC9BB6}.Debug|Any CPU.ActiveCfg = Debug|Any CPU
		{990C68FC-3400-4D81-98AF-17E78DCC9BB6}.Debug|Any CPU.Build.0 = Debug|Any CPU
		{990C68FC-3400-4D81-98AF-17E78DCC9BB6}.Release|Any CPU.ActiveCfg = Release|Any CPU
		{990C68FC-3400-4D81-98AF-17E78DCC9BB6}.Release|Any CPU.Build.0 = Release|Any CPU
	EndGlobalSection
	GlobalSection(SolutionProperties) = preSolution
		HideSolutionNode = FALSE
	EndGlobalSection
	GlobalSection(ExtensibilityGlobals) = postSolution
		SolutionGuid = {B6C4AFC7-4917-45C2-A8D5-62476B244573}
	EndGlobalSection
EndGlobal
